
Microsoft Visual Studio Solution File, Format Version 12.00
# Visual Studio Version 16
VisualStudioVersion = 16.0.30804.86
MinimumVisualStudioVersion = 10.0.40219.1
Project("{2150E333-8FDC-42A3-9474-1A3956D46DE8}") = "External", "External", "{C704BCA4-0E47-4C0E-BC6A-EAAC11E43C0F}"
EndProject
Project("{FAE04EC0-301F-11D3-BF4B-00C04F79EFBC}") = "Tango.MSOffice", "Tango.MSOffice\Tango.MSOffice.csproj", "{E2D47815-7733-487F-BF95-8E288691F57B}"
EndProject
Project("{9A19103F-16F7-4668-BE54-9A1E7A4F7556}") = "NHibernate", "NHibernate\NHibernate.csproj", "{5909BFE7-93CF-4E5F-BE22-6293368AF01D}"
EndProject
Project("{FAE04EC0-301F-11D3-BF4B-00C04F79EFBC}") = "Tango.Meta.Database.DB2", "Tango.Meta.Database.DB2\Tango.Meta.Database.DB2.csproj", "{2B25A041-FF5E-4308-A25A-AA60D097F009}"
EndProject
Project("{9A19103F-16F7-4668-BE54-9A1E7A4F7556}") = "Tango.Hibernate", "Tango.Hibernate\Tango.Hibernate.csproj", "{307C0353-867B-4942-B448-52635A6BC321}"
EndProject
Project("{9A19103F-16F7-4668-BE54-9A1E7A4F7556}") = "Tango.Meta.Database.PostgreSQL", "Tango.Meta.Database.PostgreSQL\Tango.Meta.Database.PostgreSQL.csproj", "{2B3754DC-5507-4046-A135-BCED1C161ACF}"
EndProject
Project("{9A19103F-16F7-4668-BE54-9A1E7A4F7556}") = "Tango", "Tango\Tango.csproj", "{2D823E9B-401E-4A8E-A7ED-8658A711BE06}"
EndProject
Project("{9A19103F-16F7-4668-BE54-9A1E7A4F7556}") = "Tango.Meta.Database.MSSQL", "Tango.Meta.Database.MSSQL\Tango.Meta.Database.MSSQL.csproj", "{DE61160E-44DB-40CD-82C9-BA812DCE4812}"
EndProject
Project("{9A19103F-16F7-4668-BE54-9A1E7A4F7556}") = "Tango.Abstractions", "Tango.Abstractions\Tango.Abstractions.csproj", "{08917986-6340-4D26-BB53-B1B69FD3C810}"
EndProject
Project("{E24C65DC-7377-472B-9ABA-BC803B73C61A}") = "Tango.Client.Js", "Tango.Client.Js\", "{6918E281-C526-4E3E-8915-1BE29504F964}"
	ProjectSection(WebsiteProperties) = preProject
		TargetFrameworkMoniker = ".NETFramework,Version%3Dv4.8"
		Debug.AspNetCompiler.VirtualPath = "/localhost_63396"
		Debug.AspNetCompiler.PhysicalPath = "Tango.Client.Js\"
		Debug.AspNetCompiler.TargetPath = "PrecompiledWeb\localhost_63396\"
		Debug.AspNetCompiler.Updateable = "true"
		Debug.AspNetCompiler.ForceOverwrite = "true"
		Debug.AspNetCompiler.FixedNames = "false"
		Debug.AspNetCompiler.Debug = "True"
		Release.AspNetCompiler.VirtualPath = "/localhost_63396"
		Release.AspNetCompiler.PhysicalPath = "Tango.Client.Js\"
		Release.AspNetCompiler.TargetPath = "PrecompiledWeb\localhost_63396\"
		Release.AspNetCompiler.Updateable = "true"
		Release.AspNetCompiler.ForceOverwrite = "true"
		Release.AspNetCompiler.FixedNames = "false"
		Release.AspNetCompiler.Debug = "False"
		VWDPort = "63396"
		SlnRelativePath = "Tango.Client.Js\"
	EndProjectSection
EndProject
Project("{9A19103F-16F7-4668-BE54-9A1E7A4F7556}") = "Tango.PDF", "Tango.PDF\Tango.PDF.csproj", "{AD666B4F-7E4B-41C4-9EAF-51E28930BFD0}"
EndProject
Project("{9A19103F-16F7-4668-BE54-9A1E7A4F7556}") = "itextsharp", "..\iTextSharp\itextsharp.csproj", "{84C4FDD9-3ED7-453B-B9DA-B3ED52CB071C}"
EndProject
Project("{9A19103F-16F7-4668-BE54-9A1E7A4F7556}") = "GostCryptography", "..\GostCryptography\Source\GostCryptography\GostCryptography.csproj", "{1520A79F-03EB-4290-AA4A-027806890A9D}"
EndProject
Project("{9A19103F-16F7-4668-BE54-9A1E7A4F7556}") = "Tango.Excel", "Tango.Excel\Tango.Excel.csproj", "{64B19AFD-2BB9-4440-9A57-964C65AEC796}"
EndProject
Project("{9A19103F-16F7-4668-BE54-9A1E7A4F7556}") = "Tango.AspNetCore", "Tango.AspNetCore\Tango.AspNetCore.csproj", "{376DEF24-FA8E-48A1-BD49-D6BDD4781038}"
EndProject
Project("{9A19103F-16F7-4668-BE54-9A1E7A4F7556}") = "Tango.FileStorage.Std", "Tango.FileStorage.Std\Tango.FileStorage.Std.csproj", "{C733311F-7DD8-4A10-A79C-681EAB4CA152}"
EndProject
Project("{9A19103F-16F7-4668-BE54-9A1E7A4F7556}") = "Tango.ServiceModel", "Tango.ServiceModel\Tango.ServiceModel.csproj", "{1B4767ED-08D5-4CEE-AEA3-4DFB948FED1E}"
EndProject
Project("{9A19103F-16F7-4668-BE54-9A1E7A4F7556}") = "Tango.TaskManager", "Tango.TaskManager\Tango.TaskManager.csproj", "{DD533FE9-8B01-41AA-966A-90A42BDF08BF}"
EndProject
Project("{9A19103F-16F7-4668-BE54-9A1E7A4F7556}") = "Tango.UI.Std", "Tango.UI.Std\Tango.UI.Std.csproj", "{BA5C0EC4-5DA8-4EBB-BB66-1772F71AF971}"
EndProject
Global
	GlobalSection(SolutionConfigurationPlatforms) = preSolution
		Debug|Any CPU = Debug|Any CPU
		Debug|Mixed Platforms = Debug|Mixed Platforms
		Debug|x86 = Debug|x86
		Release|Any CPU = Release|Any CPU
		Release|Mixed Platforms = Release|Mixed Platforms
		Release|x86 = Release|x86
	EndGlobalSection
	GlobalSection(ProjectConfigurationPlatforms) = postSolution
		{E2D47815-7733-487F-BF95-8E288691F57B}.Debug|Any CPU.ActiveCfg = Debug|Any CPU
		{E2D47815-7733-487F-BF95-8E288691F57B}.Debug|Mixed Platforms.ActiveCfg = Debug|Any CPU
		{E2D47815-7733-487F-BF95-8E288691F57B}.Debug|Mixed Platforms.Build.0 = Debug|Any CPU
		{E2D47815-7733-487F-BF95-8E288691F57B}.Debug|x86.ActiveCfg = Debug|Any CPU
		{E2D47815-7733-487F-BF95-8E288691F57B}.Release|Any CPU.ActiveCfg = Release|Any CPU
		{E2D47815-7733-487F-BF95-8E288691F57B}.Release|Any CPU.Build.0 = Release|Any CPU
		{E2D47815-7733-487F-BF95-8E288691F57B}.Release|Mixed Platforms.ActiveCfg = Release|Any CPU
		{E2D47815-7733-487F-BF95-8E288691F57B}.Release|Mixed Platforms.Build.0 = Release|Any CPU
		{E2D47815-7733-487F-BF95-8E288691F57B}.Release|x86.ActiveCfg = Release|Any CPU
		{5909BFE7-93CF-4E5F-BE22-6293368AF01D}.Debug|Any CPU.ActiveCfg = Debug|Any CPU
		{5909BFE7-93CF-4E5F-BE22-6293368AF01D}.Debug|Mixed Platforms.ActiveCfg = Debug|Any CPU
		{5909BFE7-93CF-4E5F-BE22-6293368AF01D}.Debug|Mixed Platforms.Build.0 = Debug|Any CPU
		{5909BFE7-93CF-4E5F-BE22-6293368AF01D}.Debug|x86.ActiveCfg = Debug|Any CPU
		{5909BFE7-93CF-4E5F-BE22-6293368AF01D}.Release|Any CPU.ActiveCfg = Release|Any CPU
		{5909BFE7-93CF-4E5F-BE22-6293368AF01D}.Release|Any CPU.Build.0 = Release|Any CPU
		{5909BFE7-93CF-4E5F-BE22-6293368AF01D}.Release|Mixed Platforms.ActiveCfg = Release|Any CPU
		{5909BFE7-93CF-4E5F-BE22-6293368AF01D}.Release|Mixed Platforms.Build.0 = Release|Any CPU
		{5909BFE7-93CF-4E5F-BE22-6293368AF01D}.Release|x86.ActiveCfg = Release|Any CPU
		{2B25A041-FF5E-4308-A25A-AA60D097F009}.Debug|Any CPU.ActiveCfg = Debug|Any CPU
		{2B25A041-FF5E-4308-A25A-AA60D097F009}.Debug|Any CPU.Build.0 = Debug|Any CPU
		{2B25A041-FF5E-4308-A25A-AA60D097F009}.Debug|Mixed Platforms.ActiveCfg = Debug|Any CPU
		{2B25A041-FF5E-4308-A25A-AA60D097F009}.Debug|Mixed Platforms.Build.0 = Debug|Any CPU
		{2B25A041-FF5E-4308-A25A-AA60D097F009}.Debug|x86.ActiveCfg = Debug|Any CPU
		{2B25A041-FF5E-4308-A25A-AA60D097F009}.Release|Any CPU.ActiveCfg = Release|Any CPU
		{2B25A041-FF5E-4308-A25A-AA60D097F009}.Release|Any CPU.Build.0 = Release|Any CPU
		{2B25A041-FF5E-4308-A25A-AA60D097F009}.Release|Mixed Platforms.ActiveCfg = Release|Any CPU
		{2B25A041-FF5E-4308-A25A-AA60D097F009}.Release|Mixed Platforms.Build.0 = Release|Any CPU
		{2B25A041-FF5E-4308-A25A-AA60D097F009}.Release|x86.ActiveCfg = Release|Any CPU
		{307C0353-867B-4942-B448-52635A6BC321}.Debug|Any CPU.ActiveCfg = Debug|Any CPU
		{307C0353-867B-4942-B448-52635A6BC321}.Debug|Any CPU.Build.0 = Debug|Any CPU
		{307C0353-867B-4942-B448-52635A6BC321}.Debug|Mixed Platforms.ActiveCfg = Debug|Any CPU
		{307C0353-867B-4942-B448-52635A6BC321}.Debug|Mixed Platforms.Build.0 = Debug|Any CPU
		{307C0353-867B-4942-B448-52635A6BC321}.Debug|x86.ActiveCfg = Debug|Any CPU
		{307C0353-867B-4942-B448-52635A6BC321}.Release|Any CPU.ActiveCfg = Release|Any CPU
		{307C0353-867B-4942-B448-52635A6BC321}.Release|Any CPU.Build.0 = Release|Any CPU
		{307C0353-867B-4942-B448-52635A6BC321}.Release|Mixed Platforms.ActiveCfg = Release|Any CPU
		{307C0353-867B-4942-B448-52635A6BC321}.Release|Mixed Platforms.Build.0 = Release|Any CPU
		{307C0353-867B-4942-B448-52635A6BC321}.Release|x86.ActiveCfg = Release|Any CPU
		{2B3754DC-5507-4046-A135-BCED1C161ACF}.Debug|Any CPU.ActiveCfg = Debug|Any CPU
		{2B3754DC-5507-4046-A135-BCED1C161ACF}.Debug|Any CPU.Build.0 = Debug|Any CPU
		{2B3754DC-5507-4046-A135-BCED1C161ACF}.Debug|Mixed Platforms.ActiveCfg = Debug|Any CPU
		{2B3754DC-5507-4046-A135-BCED1C161ACF}.Debug|Mixed Platforms.Build.0 = Debug|Any CPU
		{2B3754DC-5507-4046-A135-BCED1C161ACF}.Debug|x86.ActiveCfg = Debug|Any CPU
		{2B3754DC-5507-4046-A135-BCED1C161ACF}.Release|Any CPU.ActiveCfg = Release|Any CPU
		{2B3754DC-5507-4046-A135-BCED1C161ACF}.Release|Any CPU.Build.0 = Release|Any CPU
		{2B3754DC-5507-4046-A135-BCED1C161ACF}.Release|Mixed Platforms.ActiveCfg = Release|Any CPU
		{2B3754DC-5507-4046-A135-BCED1C161ACF}.Release|Mixed Platforms.Build.0 = Release|Any CPU
		{2B3754DC-5507-4046-A135-BCED1C161ACF}.Release|x86.ActiveCfg = Release|Any CPU
		{2D823E9B-401E-4A8E-A7ED-8658A711BE06}.Debug|Any CPU.ActiveCfg = Debug|Any CPU
		{2D823E9B-401E-4A8E-A7ED-8658A711BE06}.Debug|Any CPU.Build.0 = Debug|Any CPU
		{2D823E9B-401E-4A8E-A7ED-8658A711BE06}.Debug|Mixed Platforms.ActiveCfg = Debug|Any CPU
		{2D823E9B-401E-4A8E-A7ED-8658A711BE06}.Debug|Mixed Platforms.Build.0 = Debug|Any CPU
		{2D823E9B-401E-4A8E-A7ED-8658A711BE06}.Debug|x86.ActiveCfg = Debug|Any CPU
		{2D823E9B-401E-4A8E-A7ED-8658A711BE06}.Release|Any CPU.ActiveCfg = Release|Any CPU
		{2D823E9B-401E-4A8E-A7ED-8658A711BE06}.Release|Any CPU.Build.0 = Release|Any CPU
		{2D823E9B-401E-4A8E-A7ED-8658A711BE06}.Release|Mixed Platforms.ActiveCfg = Release|Any CPU
		{2D823E9B-401E-4A8E-A7ED-8658A711BE06}.Release|Mixed Platforms.Build.0 = Release|Any CPU
		{2D823E9B-401E-4A8E-A7ED-8658A711BE06}.Release|x86.ActiveCfg = Release|Any CPU
		{DE61160E-44DB-40CD-82C9-BA812DCE4812}.Debug|Any CPU.ActiveCfg = Debug|Any CPU
		{DE61160E-44DB-40CD-82C9-BA812DCE4812}.Debug|Any CPU.Build.0 = Debug|Any CPU
		{DE61160E-44DB-40CD-82C9-BA812DCE4812}.Debug|Mixed Platforms.ActiveCfg = Debug|Any CPU
		{DE61160E-44DB-40CD-82C9-BA812DCE4812}.Debug|Mixed Platforms.Build.0 = Debug|Any CPU
		{DE61160E-44DB-40CD-82C9-BA812DCE4812}.Debug|x86.ActiveCfg = Debug|Any CPU
		{DE61160E-44DB-40CD-82C9-BA812DCE4812}.Release|Any CPU.ActiveCfg = Release|Any CPU
		{DE61160E-44DB-40CD-82C9-BA812DCE4812}.Release|Any CPU.Build.0 = Release|Any CPU
		{DE61160E-44DB-40CD-82C9-BA812DCE4812}.Release|Mixed Platforms.ActiveCfg = Release|Any CPU
		{DE61160E-44DB-40CD-82C9-BA812DCE4812}.Release|Mixed Platforms.Build.0 = Release|Any CPU
		{DE61160E-44DB-40CD-82C9-BA812DCE4812}.Release|x86.ActiveCfg = Release|Any CPU
		{08917986-6340-4D26-BB53-B1B69FD3C810}.Debug|Any CPU.ActiveCfg = Debug|Any CPU
		{08917986-6340-4D26-BB53-B1B69FD3C810}.Debug|Any CPU.Build.0 = Debug|Any CPU
		{08917986-6340-4D26-BB53-B1B69FD3C810}.Debug|Mixed Platforms.ActiveCfg = Debug|Any CPU
		{08917986-6340-4D26-BB53-B1B69FD3C810}.Debug|Mixed Platforms.Build.0 = Debug|Any CPU
		{08917986-6340-4D26-BB53-B1B69FD3C810}.Debug|x86.ActiveCfg = Debug|Any CPU
		{08917986-6340-4D26-BB53-B1B69FD3C810}.Debug|x86.Build.0 = Debug|Any CPU
		{08917986-6340-4D26-BB53-B1B69FD3C810}.Release|Any CPU.ActiveCfg = Release|Any CPU
		{08917986-6340-4D26-BB53-B1B69FD3C810}.Release|Any CPU.Build.0 = Release|Any CPU
		{08917986-6340-4D26-BB53-B1B69FD3C810}.Release|Mixed Platforms.ActiveCfg = Release|Any CPU
		{08917986-6340-4D26-BB53-B1B69FD3C810}.Release|Mixed Platforms.Build.0 = Release|Any CPU
		{08917986-6340-4D26-BB53-B1B69FD3C810}.Release|x86.ActiveCfg = Release|Any CPU
		{08917986-6340-4D26-BB53-B1B69FD3C810}.Release|x86.Build.0 = Release|Any CPU
		{6918E281-C526-4E3E-8915-1BE29504F964}.Debug|Any CPU.ActiveCfg = Debug|Any CPU
		{6918E281-C526-4E3E-8915-1BE29504F964}.Debug|Any CPU.Build.0 = Debug|Any CPU
		{6918E281-C526-4E3E-8915-1BE29504F964}.Debug|Mixed Platforms.ActiveCfg = Debug|Any CPU
		{6918E281-C526-4E3E-8915-1BE29504F964}.Debug|Mixed Platforms.Build.0 = Debug|Any CPU
		{6918E281-C526-4E3E-8915-1BE29504F964}.Debug|x86.ActiveCfg = Debug|Any CPU
		{6918E281-C526-4E3E-8915-1BE29504F964}.Debug|x86.Build.0 = Debug|Any CPU
		{6918E281-C526-4E3E-8915-1BE29504F964}.Release|Any CPU.ActiveCfg = Debug|Any CPU
		{6918E281-C526-4E3E-8915-1BE29504F964}.Release|Any CPU.Build.0 = Debug|Any CPU
		{6918E281-C526-4E3E-8915-1BE29504F964}.Release|Mixed Platforms.ActiveCfg = Debug|Any CPU
		{6918E281-C526-4E3E-8915-1BE29504F964}.Release|Mixed Platforms.Build.0 = Debug|Any CPU
		{6918E281-C526-4E3E-8915-1BE29504F964}.Release|x86.ActiveCfg = Debug|Any CPU
		{6918E281-C526-4E3E-8915-1BE29504F964}.Release|x86.Build.0 = Debug|Any CPU
		{AD666B4F-7E4B-41C4-9EAF-51E28930BFD0}.Debug|Any CPU.ActiveCfg = Debug|Any CPU
		{AD666B4F-7E4B-41C4-9EAF-51E28930BFD0}.Debug|Any CPU.Build.0 = Debug|Any CPU
		{AD666B4F-7E4B-41C4-9EAF-51E28930BFD0}.Debug|Mixed Platforms.ActiveCfg = Debug|Any CPU
		{AD666B4F-7E4B-41C4-9EAF-51E28930BFD0}.Debug|Mixed Platforms.Build.0 = Debug|Any CPU
		{AD666B4F-7E4B-41C4-9EAF-51E28930BFD0}.Debug|x86.ActiveCfg = Debug|Any CPU
		{AD666B4F-7E4B-41C4-9EAF-51E28930BFD0}.Debug|x86.Build.0 = Debug|Any CPU
		{AD666B4F-7E4B-41C4-9EAF-51E28930BFD0}.Release|Any CPU.ActiveCfg = Release|Any CPU
		{AD666B4F-7E4B-41C4-9EAF-51E28930BFD0}.Release|Any CPU.Build.0 = Release|Any CPU
		{AD666B4F-7E4B-41C4-9EAF-51E28930BFD0}.Release|Mixed Platforms.ActiveCfg = Release|Any CPU
		{AD666B4F-7E4B-41C4-9EAF-51E28930BFD0}.Release|Mixed Platforms.Build.0 = Release|Any CPU
		{AD666B4F-7E4B-41C4-9EAF-51E28930BFD0}.Release|x86.ActiveCfg = Release|Any CPU
		{AD666B4F-7E4B-41C4-9EAF-51E28930BFD0}.Release|x86.Build.0 = Release|Any CPU
		{84C4FDD9-3ED7-453B-B9DA-B3ED52CB071C}.Debug|Any CPU.ActiveCfg = Debug|Any CPU
		{84C4FDD9-3ED7-453B-B9DA-B3ED52CB071C}.Debug|Any CPU.Build.0 = Debug|Any CPU
		{84C4FDD9-3ED7-453B-B9DA-B3ED52CB071C}.Debug|Mixed Platforms.ActiveCfg = Debug|Any CPU
		{84C4FDD9-3ED7-453B-B9DA-B3ED52CB071C}.Debug|Mixed Platforms.Build.0 = Debug|Any CPU
		{84C4FDD9-3ED7-453B-B9DA-B3ED52CB071C}.Debug|x86.ActiveCfg = Debug|Any CPU
		{84C4FDD9-3ED7-453B-B9DA-B3ED52CB071C}.Debug|x86.Build.0 = Debug|Any CPU
		{84C4FDD9-3ED7-453B-B9DA-B3ED52CB071C}.Release|Any CPU.ActiveCfg = Release|Any CPU
		{84C4FDD9-3ED7-453B-B9DA-B3ED52CB071C}.Release|Any CPU.Build.0 = Release|Any CPU
		{84C4FDD9-3ED7-453B-B9DA-B3ED52CB071C}.Release|Mixed Platforms.ActiveCfg = Release|Any CPU
		{84C4FDD9-3ED7-453B-B9DA-B3ED52CB071C}.Release|Mixed Platforms.Build.0 = Release|Any CPU
		{84C4FDD9-3ED7-453B-B9DA-B3ED52CB071C}.Release|x86.ActiveCfg = Release|Any CPU
		{84C4FDD9-3ED7-453B-B9DA-B3ED52CB071C}.Release|x86.Build.0 = Release|Any CPU
		{1520A79F-03EB-4290-AA4A-027806890A9D}.Debug|Any CPU.ActiveCfg = Debug|Any CPU
		{1520A79F-03EB-4290-AA4A-027806890A9D}.Debug|Any CPU.Build.0 = Debug|Any CPU
		{1520A79F-03EB-4290-AA4A-027806890A9D}.Debug|Mixed Platforms.ActiveCfg = Debug|Any CPU
		{1520A79F-03EB-4290-AA4A-027806890A9D}.Debug|Mixed Platforms.Build.0 = Debug|Any CPU
		{1520A79F-03EB-4290-AA4A-027806890A9D}.Debug|x86.ActiveCfg = Debug|Any CPU
		{1520A79F-03EB-4290-AA4A-027806890A9D}.Debug|x86.Build.0 = Debug|Any CPU
		{1520A79F-03EB-4290-AA4A-027806890A9D}.Release|Any CPU.ActiveCfg = Release|Any CPU
		{1520A79F-03EB-4290-AA4A-027806890A9D}.Release|Any CPU.Build.0 = Release|Any CPU
		{1520A79F-03EB-4290-AA4A-027806890A9D}.Release|Mixed Platforms.ActiveCfg = Release|Any CPU
		{1520A79F-03EB-4290-AA4A-027806890A9D}.Release|Mixed Platforms.Build.0 = Release|Any CPU
		{1520A79F-03EB-4290-AA4A-027806890A9D}.Release|x86.ActiveCfg = Release|Any CPU
		{1520A79F-03EB-4290-AA4A-027806890A9D}.Release|x86.Build.0 = Release|Any CPU
		{64B19AFD-2BB9-4440-9A57-964C65AEC796}.Debug|Any CPU.ActiveCfg = Debug|Any CPU
		{64B19AFD-2BB9-4440-9A57-964C65AEC796}.Debug|Any CPU.Build.0 = Debug|Any CPU
		{64B19AFD-2BB9-4440-9A57-964C65AEC796}.Debug|Mixed Platforms.ActiveCfg = Debug|Any CPU
		{64B19AFD-2BB9-4440-9A57-964C65AEC796}.Debug|Mixed Platforms.Build.0 = Debug|Any CPU
		{64B19AFD-2BB9-4440-9A57-964C65AEC796}.Debug|x86.ActiveCfg = Debug|Any CPU
		{64B19AFD-2BB9-4440-9A57-964C65AEC796}.Debug|x86.Build.0 = Debug|Any CPU
		{64B19AFD-2BB9-4440-9A57-964C65AEC796}.Release|Any CPU.ActiveCfg = Release|Any CPU
		{64B19AFD-2BB9-4440-9A57-964C65AEC796}.Release|Any CPU.Build.0 = Release|Any CPU
		{64B19AFD-2BB9-4440-9A57-964C65AEC796}.Release|Mixed Platforms.ActiveCfg = Release|Any CPU
		{64B19AFD-2BB9-4440-9A57-964C65AEC796}.Release|Mixed Platforms.Build.0 = Release|Any CPU
		{64B19AFD-2BB9-4440-9A57-964C65AEC796}.Release|x86.ActiveCfg = Release|Any CPU
		{64B19AFD-2BB9-4440-9A57-964C65AEC796}.Release|x86.Build.0 = Release|Any CPU
		{376DEF24-FA8E-48A1-BD49-D6BDD4781038}.Debug|Any CPU.ActiveCfg = Debug|Any CPU
		{376DEF24-FA8E-48A1-BD49-D6BDD4781038}.Debug|Any CPU.Build.0 = Debug|Any CPU
		{376DEF24-FA8E-48A1-BD49-D6BDD4781038}.Debug|Mixed Platforms.ActiveCfg = Debug|Any CPU
		{376DEF24-FA8E-48A1-BD49-D6BDD4781038}.Debug|Mixed Platforms.Build.0 = Debug|Any CPU
		{376DEF24-FA8E-48A1-BD49-D6BDD4781038}.Debug|x86.ActiveCfg = Debug|Any CPU
		{376DEF24-FA8E-48A1-BD49-D6BDD4781038}.Debug|x86.Build.0 = Debug|Any CPU
		{376DEF24-FA8E-48A1-BD49-D6BDD4781038}.Release|Any CPU.ActiveCfg = Release|Any CPU
		{376DEF24-FA8E-48A1-BD49-D6BDD4781038}.Release|Any CPU.Build.0 = Release|Any CPU
		{376DEF24-FA8E-48A1-BD49-D6BDD4781038}.Release|Mixed Platforms.ActiveCfg = Release|Any CPU
		{376DEF24-FA8E-48A1-BD49-D6BDD4781038}.Release|Mixed Platforms.Build.0 = Release|Any CPU
		{376DEF24-FA8E-48A1-BD49-D6BDD4781038}.Release|x86.ActiveCfg = Release|Any CPU
		{376DEF24-FA8E-48A1-BD49-D6BDD4781038}.Release|x86.Build.0 = Release|Any CPU
		{C733311F-7DD8-4A10-A79C-681EAB4CA152}.Debug|Any CPU.ActiveCfg = Debug|Any CPU
		{C733311F-7DD8-4A10-A79C-681EAB4CA152}.Debug|Any CPU.Build.0 = Debug|Any CPU
		{C733311F-7DD8-4A10-A79C-681EAB4CA152}.Debug|Mixed Platforms.ActiveCfg = Debug|Any CPU
		{C733311F-7DD8-4A10-A79C-681EAB4CA152}.Debug|Mixed Platforms.Build.0 = Debug|Any CPU
		{C733311F-7DD8-4A10-A79C-681EAB4CA152}.Debug|x86.ActiveCfg = Debug|Any CPU
		{C733311F-7DD8-4A10-A79C-681EAB4CA152}.Debug|x86.Build.0 = Debug|Any CPU
		{C733311F-7DD8-4A10-A79C-681EAB4CA152}.Release|Any CPU.ActiveCfg = Release|Any CPU
		{C733311F-7DD8-4A10-A79C-681EAB4CA152}.Release|Any CPU.Build.0 = Release|Any CPU
		{C733311F-7DD8-4A10-A79C-681EAB4CA152}.Release|Mixed Platforms.ActiveCfg = Release|Any CPU
		{C733311F-7DD8-4A10-A79C-681EAB4CA152}.Release|Mixed Platforms.Build.0 = Release|Any CPU
		{C733311F-7DD8-4A10-A79C-681EAB4CA152}.Release|x86.ActiveCfg = Release|Any CPU
		{C733311F-7DD8-4A10-A79C-681EAB4CA152}.Release|x86.Build.0 = Release|Any CPU
		{1B4767ED-08D5-4CEE-AEA3-4DFB948FED1E}.Debug|Any CPU.ActiveCfg = Debug|Any CPU
		{1B4767ED-08D5-4CEE-AEA3-4DFB948FED1E}.Debug|Any CPU.Build.0 = Debug|Any CPU
		{1B4767ED-08D5-4CEE-AEA3-4DFB948FED1E}.Debug|Mixed Platforms.ActiveCfg = Debug|Any CPU
		{1B4767ED-08D5-4CEE-AEA3-4DFB948FED1E}.Debug|Mixed Platforms.Build.0 = Debug|Any CPU
		{1B4767ED-08D5-4CEE-AEA3-4DFB948FED1E}.Debug|x86.ActiveCfg = Debug|Any CPU
		{1B4767ED-08D5-4CEE-AEA3-4DFB948FED1E}.Debug|x86.Build.0 = Debug|Any CPU
		{1B4767ED-08D5-4CEE-AEA3-4DFB948FED1E}.Release|Any CPU.ActiveCfg = Release|Any CPU
		{1B4767ED-08D5-4CEE-AEA3-4DFB948FED1E}.Release|Any CPU.Build.0 = Release|Any CPU
		{1B4767ED-08D5-4CEE-AEA3-4DFB948FED1E}.Release|Mixed Platforms.ActiveCfg = Release|Any CPU
		{1B4767ED-08D5-4CEE-AEA3-4DFB948FED1E}.Release|Mixed Platforms.Build.0 = Release|Any CPU
		{1B4767ED-08D5-4CEE-AEA3-4DFB948FED1E}.Release|x86.ActiveCfg = Release|Any CPU
		{1B4767ED-08D5-4CEE-AEA3-4DFB948FED1E}.Release|x86.Build.0 = Release|Any CPU
		{DD533FE9-8B01-41AA-966A-90A42BDF08BF}.Debug|Any CPU.ActiveCfg = Debug|Any CPU
		{DD533FE9-8B01-41AA-966A-90A42BDF08BF}.Debug|Any CPU.Build.0 = Debug|Any CPU
		{DD533FE9-8B01-41AA-966A-90A42BDF08BF}.Debug|Mixed Platforms.ActiveCfg = Debug|Any CPU
		{DD533FE9-8B01-41AA-966A-90A42BDF08BF}.Debug|Mixed Platforms.Build.0 = Debug|Any CPU
		{DD533FE9-8B01-41AA-966A-90A42BDF08BF}.Debug|x86.ActiveCfg = Debug|Any CPU
		{DD533FE9-8B01-41AA-966A-90A42BDF08BF}.Debug|x86.Build.0 = Debug|Any CPU
		{DD533FE9-8B01-41AA-966A-90A42BDF08BF}.Release|Any CPU.ActiveCfg = Release|Any CPU
		{DD533FE9-8B01-41AA-966A-90A42BDF08BF}.Release|Any CPU.Build.0 = Release|Any CPU
		{DD533FE9-8B01-41AA-966A-90A42BDF08BF}.Release|Mixed Platforms.ActiveCfg = Release|Any CPU
		{DD533FE9-8B01-41AA-966A-90A42BDF08BF}.Release|Mixed Platforms.Build.0 = Release|Any CPU
		{DD533FE9-8B01-41AA-966A-90A42BDF08BF}.Release|x86.ActiveCfg = Release|Any CPU
		{DD533FE9-8B01-41AA-966A-90A42BDF08BF}.Release|x86.Build.0 = Release|Any CPU
		{BA5C0EC4-5DA8-4EBB-BB66-1772F71AF971}.Debug|Any CPU.ActiveCfg = Debug|Any CPU
		{BA5C0EC4-5DA8-4EBB-BB66-1772F71AF971}.Debug|Any CPU.Build.0 = Debug|Any CPU
		{BA5C0EC4-5DA8-4EBB-BB66-1772F71AF971}.Debug|Mixed Platforms.ActiveCfg = Debug|Any CPU
		{BA5C0EC4-5DA8-4EBB-BB66-1772F71AF971}.Debug|Mixed Platforms.Build.0 = Debug|Any CPU
		{BA5C0EC4-5DA8-4EBB-BB66-1772F71AF971}.Debug|x86.ActiveCfg = Debug|Any CPU
		{BA5C0EC4-5DA8-4EBB-BB66-1772F71AF971}.Debug|x86.Build.0 = Debug|Any CPU
		{BA5C0EC4-5DA8-4EBB-BB66-1772F71AF971}.Release|Any CPU.ActiveCfg = Release|Any CPU
		{BA5C0EC4-5DA8-4EBB-BB66-1772F71AF971}.Release|Any CPU.Build.0 = Release|Any CPU
		{BA5C0EC4-5DA8-4EBB-BB66-1772F71AF971}.Release|Mixed Platforms.ActiveCfg = Release|Any CPU
		{BA5C0EC4-5DA8-4EBB-BB66-1772F71AF971}.Release|Mixed Platforms.Build.0 = Release|Any CPU
		{BA5C0EC4-5DA8-4EBB-BB66-1772F71AF971}.Release|x86.ActiveCfg = Release|Any CPU
		{BA5C0EC4-5DA8-4EBB-BB66-1772F71AF971}.Release|x86.Build.0 = Release|Any CPU
	EndGlobalSection
	GlobalSection(SolutionProperties) = preSolution
		HideSolutionNode = FALSE
	EndGlobalSection
	GlobalSection(NestedProjects) = preSolution
		{5909BFE7-93CF-4E5F-BE22-6293368AF01D} = {C704BCA4-0E47-4C0E-BC6A-EAAC11E43C0F}
		{84C4FDD9-3ED7-453B-B9DA-B3ED52CB071C} = {C704BCA4-0E47-4C0E-BC6A-EAAC11E43C0F}
		{1520A79F-03EB-4290-AA4A-027806890A9D} = {C704BCA4-0E47-4C0E-BC6A-EAAC11E43C0F}
	EndGlobalSection
	GlobalSection(ExtensibilityGlobals) = postSolution
		SolutionGuid = {34D25309-0A23-4B03-976A-3A263DBDACF3}
	EndGlobalSection
EndGlobal
