
Microsoft Visual Studio Solution File, Format Version 12.00
# Visual Studio 14
VisualStudioVersion = 14.0.24720.0
MinimumVisualStudioVersion = 10.0.40219.1
Project("{FAE04EC0-301F-11D3-BF4B-00C04F79EFBC}") = "Nephrite.Web", "Nephrite.Web\Nephrite.Web.csproj", "{26A68254-0902-4499-8B5F-6B4B6341BA21}"
EndProject
Project("{FAE04EC0-301F-11D3-BF4B-00C04F79EFBC}") = "Nephrite.MSOffice", "Nephrite.MSOffice\Nephrite.MSOffice.csproj", "{E2D47815-7733-487F-BF95-8E288691F57B}"
EndProject
Project("{FAE04EC0-301F-11D3-BF4B-00C04F79EFBC}") = "Tessera.Test", "Tessera.Test\Tessera.Test.csproj", "{DF9C511F-DA3D-43F6-9A15-89E35C8D7E76}"
EndProject
Project("{FAE04EC0-301F-11D3-BF4B-00C04F79EFBC}") = "NHibernate", "NHibernate\NHibernate.csproj", "{5909BFE7-93CF-4E5F-BE22-6293368AF01D}"
EndProject
Project("{FAE04EC0-301F-11D3-BF4B-00C04F79EFBC}") = "DBSchemaDiff", "DBSchemaDiff\DBSchemaDiff.csproj", "{EFCAD55B-46C4-4B90-8989-F09DE43A87AB}"
EndProject
Project("{FAE04EC0-301F-11D3-BF4B-00C04F79EFBC}") = "Nephrite.Meta.Database.DB2", "Nephrite.Meta.Database.DB2\Nephrite.Meta.Database.DB2.csproj", "{2B25A041-FF5E-4308-A25A-AA60D097F009}"
EndProject
Project("{FAE04EC0-301F-11D3-BF4B-00C04F79EFBC}") = "ImportData", "ImportData\ImportData.csproj", "{911F430A-7ACE-43F7-9654-CE34D2BE0664}"
EndProject
Project("{FAE04EC0-301F-11D3-BF4B-00C04F79EFBC}") = "Nephrite.Web.Hibernate", "Nephrite.Web.Hibernate\Nephrite.Web.Hibernate.csproj", "{307C0353-867B-4942-B448-52635A6BC321}"
EndProject
Project("{FAE04EC0-301F-11D3-BF4B-00C04F79EFBC}") = "Tessera3.Test", "Tessera3.Test\Tessera3.Test.csproj", "{C2ACD6FA-5325-4E01-A4C5-06A0E81CE85A}"
EndProject
Project("{FAE04EC0-301F-11D3-BF4B-00C04F79EFBC}") = "Nephrite.Meta.Database.PostgreSQL", "Nephrite.Meta.Database.PostgreSQL\Nephrite.Meta.Database.PostgreSQL.csproj", "{2B3754DC-5507-4046-A135-BCED1C161ACF}"
EndProject
Project("{FAE04EC0-301F-11D3-BF4B-00C04F79EFBC}") = "Nephrite", "Nephrite\Nephrite.csproj", "{2D823E9B-401E-4A8E-A7ED-8658A711BE06}"
EndProject
Project("{FAE04EC0-301F-11D3-BF4B-00C04F79EFBC}") = "Nephrite.Razor", "Nephrite.Razor\Nephrite.Razor.csproj", "{8E63794B-0D88-4EBA-B74A-942DCF32DFA5}"
EndProject
Project("{FAE04EC0-301F-11D3-BF4B-00C04F79EFBC}") = "Nephrite.Meta.Database.MSSQL", "Nephrite.Meta.Database.MSSQL\Nephrite.Meta.Database.MSSQL.csproj", "{DE61160E-44DB-40CD-82C9-BA812DCE4812}"
EndProject
Project("{FAE04EC0-301F-11D3-BF4B-00C04F79EFBC}") = "ImportData2", "ImportData2\ImportData2.csproj", "{6729E69A-BB79-46DC-A576-F6C4DFE43360}"
EndProject
Project("{FAE04EC0-301F-11D3-BF4B-00C04F79EFBC}") = "Nephrite.AzureBackup", "Nephrite.AzureBackup\Nephrite.AzureBackup.csproj", "{C2D141F6-6213-4E2C-B5E8-6523AC5ABA6F}"
EndProject
Project("{2150E333-8FDC-42A3-9474-1A3956D46DE8}") = "Utils", "Utils", "{F5355549-CCF2-4DBD-88D0-53E3E2CE6B2E}"
EndProject
Project("{2150E333-8FDC-42A3-9474-1A3956D46DE8}") = "External", "External", "{C704BCA4-0E47-4C0E-BC6A-EAAC11E43C0F}"
EndProject
Project("{FAE04EC0-301F-11D3-BF4B-00C04F79EFBC}") = "Nephrite.Abstractions", "Nephrite.Abstractions\Nephrite.Abstractions.csproj", "{08917986-6340-4D26-BB53-B1B69FD3C810}"
EndProject
Global
	GlobalSection(SolutionConfigurationPlatforms) = preSolution
		Debug|Any CPU = Debug|Any CPU
		Debug|Mixed Platforms = Debug|Mixed Platforms
		Debug|x86 = Debug|x86
		Release|Any CPU = Release|Any CPU
		Release|Mixed Platforms = Release|Mixed Platforms
		Release|x86 = Release|x86
	EndGlobalSection
	GlobalSection(ProjectConfigurationPlatforms) = postSolution
		{26A68254-0902-4499-8B5F-6B4B6341BA21}.Debug|Any CPU.ActiveCfg = Debug|Any CPU
		{26A68254-0902-4499-8B5F-6B4B6341BA21}.Debug|Any CPU.Build.0 = Debug|Any CPU
		{26A68254-0902-4499-8B5F-6B4B6341BA21}.Debug|Mixed Platforms.ActiveCfg = Debug|Any CPU
		{26A68254-0902-4499-8B5F-6B4B6341BA21}.Debug|Mixed Platforms.Build.0 = Debug|Any CPU
		{26A68254-0902-4499-8B5F-6B4B6341BA21}.Debug|x86.ActiveCfg = Debug|Any CPU
		{26A68254-0902-4499-8B5F-6B4B6341BA21}.Release|Any CPU.ActiveCfg = Release|Any CPU
		{26A68254-0902-4499-8B5F-6B4B6341BA21}.Release|Any CPU.Build.0 = Release|Any CPU
		{26A68254-0902-4499-8B5F-6B4B6341BA21}.Release|Mixed Platforms.ActiveCfg = Release|Any CPU
		{26A68254-0902-4499-8B5F-6B4B6341BA21}.Release|Mixed Platforms.Build.0 = Release|Any CPU
		{26A68254-0902-4499-8B5F-6B4B6341BA21}.Release|x86.ActiveCfg = Release|Any CPU
		{E2D47815-7733-487F-BF95-8E288691F57B}.Debug|Any CPU.ActiveCfg = Debug|Any CPU
		{E2D47815-7733-487F-BF95-8E288691F57B}.Debug|Mixed Platforms.ActiveCfg = Debug|Any CPU
		{E2D47815-7733-487F-BF95-8E288691F57B}.Debug|Mixed Platforms.Build.0 = Debug|Any CPU
		{E2D47815-7733-487F-BF95-8E288691F57B}.Debug|x86.ActiveCfg = Debug|Any CPU
		{E2D47815-7733-487F-BF95-8E288691F57B}.Release|Any CPU.ActiveCfg = Release|Any CPU
		{E2D47815-7733-487F-BF95-8E288691F57B}.Release|Any CPU.Build.0 = Release|Any CPU
		{E2D47815-7733-487F-BF95-8E288691F57B}.Release|Mixed Platforms.ActiveCfg = Release|Any CPU
		{E2D47815-7733-487F-BF95-8E288691F57B}.Release|Mixed Platforms.Build.0 = Release|Any CPU
		{E2D47815-7733-487F-BF95-8E288691F57B}.Release|x86.ActiveCfg = Release|Any CPU
		{DF9C511F-DA3D-43F6-9A15-89E35C8D7E76}.Debug|Any CPU.ActiveCfg = Debug|Any CPU
		{DF9C511F-DA3D-43F6-9A15-89E35C8D7E76}.Debug|Mixed Platforms.ActiveCfg = Debug|Any CPU
		{DF9C511F-DA3D-43F6-9A15-89E35C8D7E76}.Debug|Mixed Platforms.Build.0 = Debug|Any CPU
		{DF9C511F-DA3D-43F6-9A15-89E35C8D7E76}.Debug|x86.ActiveCfg = Debug|Any CPU
		{DF9C511F-DA3D-43F6-9A15-89E35C8D7E76}.Release|Any CPU.ActiveCfg = Release|Any CPU
		{DF9C511F-DA3D-43F6-9A15-89E35C8D7E76}.Release|Any CPU.Build.0 = Release|Any CPU
		{DF9C511F-DA3D-43F6-9A15-89E35C8D7E76}.Release|Mixed Platforms.ActiveCfg = Release|Any CPU
		{DF9C511F-DA3D-43F6-9A15-89E35C8D7E76}.Release|Mixed Platforms.Build.0 = Release|Any CPU
		{DF9C511F-DA3D-43F6-9A15-89E35C8D7E76}.Release|x86.ActiveCfg = Release|Any CPU
		{5909BFE7-93CF-4E5F-BE22-6293368AF01D}.Debug|Any CPU.ActiveCfg = Debug|Any CPU
		{5909BFE7-93CF-4E5F-BE22-6293368AF01D}.Debug|Mixed Platforms.ActiveCfg = Debug|Any CPU
		{5909BFE7-93CF-4E5F-BE22-6293368AF01D}.Debug|Mixed Platforms.Build.0 = Debug|Any CPU
		{5909BFE7-93CF-4E5F-BE22-6293368AF01D}.Debug|x86.ActiveCfg = Debug|Any CPU
		{5909BFE7-93CF-4E5F-BE22-6293368AF01D}.Release|Any CPU.ActiveCfg = Release|Any CPU
		{5909BFE7-93CF-4E5F-BE22-6293368AF01D}.Release|Any CPU.Build.0 = Release|Any CPU
		{5909BFE7-93CF-4E5F-BE22-6293368AF01D}.Release|Mixed Platforms.ActiveCfg = Release|Any CPU
		{5909BFE7-93CF-4E5F-BE22-6293368AF01D}.Release|Mixed Platforms.Build.0 = Release|Any CPU
		{5909BFE7-93CF-4E5F-BE22-6293368AF01D}.Release|x86.ActiveCfg = Release|Any CPU
		{EFCAD55B-46C4-4B90-8989-F09DE43A87AB}.Debug|Any CPU.ActiveCfg = Debug|Any CPU
		{EFCAD55B-46C4-4B90-8989-F09DE43A87AB}.Debug|Mixed Platforms.ActiveCfg = Debug|Any CPU
		{EFCAD55B-46C4-4B90-8989-F09DE43A87AB}.Debug|Mixed Platforms.Build.0 = Debug|Any CPU
		{EFCAD55B-46C4-4B90-8989-F09DE43A87AB}.Debug|x86.ActiveCfg = Debug|Any CPU
		{EFCAD55B-46C4-4B90-8989-F09DE43A87AB}.Release|Any CPU.ActiveCfg = Release|Any CPU
		{EFCAD55B-46C4-4B90-8989-F09DE43A87AB}.Release|Any CPU.Build.0 = Release|Any CPU
		{EFCAD55B-46C4-4B90-8989-F09DE43A87AB}.Release|Mixed Platforms.ActiveCfg = Release|Any CPU
		{EFCAD55B-46C4-4B90-8989-F09DE43A87AB}.Release|Mixed Platforms.Build.0 = Release|Any CPU
		{EFCAD55B-46C4-4B90-8989-F09DE43A87AB}.Release|x86.ActiveCfg = Release|Any CPU
		{2B25A041-FF5E-4308-A25A-AA60D097F009}.Debug|Any CPU.ActiveCfg = Debug|Any CPU
		{2B25A041-FF5E-4308-A25A-AA60D097F009}.Debug|Any CPU.Build.0 = Debug|Any CPU
		{2B25A041-FF5E-4308-A25A-AA60D097F009}.Debug|Mixed Platforms.ActiveCfg = Debug|Any CPU
		{2B25A041-FF5E-4308-A25A-AA60D097F009}.Debug|Mixed Platforms.Build.0 = Debug|Any CPU
		{2B25A041-FF5E-4308-A25A-AA60D097F009}.Debug|x86.ActiveCfg = Debug|Any CPU
		{2B25A041-FF5E-4308-A25A-AA60D097F009}.Release|Any CPU.ActiveCfg = Release|Any CPU
		{2B25A041-FF5E-4308-A25A-AA60D097F009}.Release|Any CPU.Build.0 = Release|Any CPU
		{2B25A041-FF5E-4308-A25A-AA60D097F009}.Release|Mixed Platforms.ActiveCfg = Release|Any CPU
		{2B25A041-FF5E-4308-A25A-AA60D097F009}.Release|Mixed Platforms.Build.0 = Release|Any CPU
		{2B25A041-FF5E-4308-A25A-AA60D097F009}.Release|x86.ActiveCfg = Release|Any CPU
		{911F430A-7ACE-43F7-9654-CE34D2BE0664}.Debug|Any CPU.ActiveCfg = Debug|Any CPU
		{911F430A-7ACE-43F7-9654-CE34D2BE0664}.Debug|Mixed Platforms.ActiveCfg = Debug|Any CPU
		{911F430A-7ACE-43F7-9654-CE34D2BE0664}.Debug|Mixed Platforms.Build.0 = Debug|Any CPU
		{911F430A-7ACE-43F7-9654-CE34D2BE0664}.Debug|x86.ActiveCfg = Debug|Any CPU
		{911F430A-7ACE-43F7-9654-CE34D2BE0664}.Release|Any CPU.ActiveCfg = Release|Any CPU
		{911F430A-7ACE-43F7-9654-CE34D2BE0664}.Release|Any CPU.Build.0 = Release|Any CPU
		{911F430A-7ACE-43F7-9654-CE34D2BE0664}.Release|Mixed Platforms.ActiveCfg = Release|Any CPU
		{911F430A-7ACE-43F7-9654-CE34D2BE0664}.Release|Mixed Platforms.Build.0 = Release|Any CPU
		{911F430A-7ACE-43F7-9654-CE34D2BE0664}.Release|x86.ActiveCfg = Release|Any CPU
		{307C0353-867B-4942-B448-52635A6BC321}.Debug|Any CPU.ActiveCfg = Debug|Any CPU
		{307C0353-867B-4942-B448-52635A6BC321}.Debug|Any CPU.Build.0 = Debug|Any CPU
		{307C0353-867B-4942-B448-52635A6BC321}.Debug|Mixed Platforms.ActiveCfg = Debug|Any CPU
		{307C0353-867B-4942-B448-52635A6BC321}.Debug|Mixed Platforms.Build.0 = Debug|Any CPU
		{307C0353-867B-4942-B448-52635A6BC321}.Debug|x86.ActiveCfg = Debug|Any CPU
		{307C0353-867B-4942-B448-52635A6BC321}.Release|Any CPU.ActiveCfg = Release|Any CPU
		{307C0353-867B-4942-B448-52635A6BC321}.Release|Any CPU.Build.0 = Release|Any CPU
		{307C0353-867B-4942-B448-52635A6BC321}.Release|Mixed Platforms.ActiveCfg = Release|Any CPU
		{307C0353-867B-4942-B448-52635A6BC321}.Release|Mixed Platforms.Build.0 = Release|Any CPU
		{307C0353-867B-4942-B448-52635A6BC321}.Release|x86.ActiveCfg = Release|Any CPU
		{C2ACD6FA-5325-4E01-A4C5-06A0E81CE85A}.Debug|Any CPU.ActiveCfg = Debug|Any CPU
		{C2ACD6FA-5325-4E01-A4C5-06A0E81CE85A}.Debug|Any CPU.Build.0 = Debug|Any CPU
		{C2ACD6FA-5325-4E01-A4C5-06A0E81CE85A}.Debug|Mixed Platforms.ActiveCfg = Debug|Any CPU
		{C2ACD6FA-5325-4E01-A4C5-06A0E81CE85A}.Debug|Mixed Platforms.Build.0 = Debug|Any CPU
		{C2ACD6FA-5325-4E01-A4C5-06A0E81CE85A}.Debug|x86.ActiveCfg = Debug|Any CPU
		{C2ACD6FA-5325-4E01-A4C5-06A0E81CE85A}.Release|Any CPU.ActiveCfg = Release|Any CPU
		{C2ACD6FA-5325-4E01-A4C5-06A0E81CE85A}.Release|Any CPU.Build.0 = Release|Any CPU
		{C2ACD6FA-5325-4E01-A4C5-06A0E81CE85A}.Release|Mixed Platforms.ActiveCfg = Release|Any CPU
		{C2ACD6FA-5325-4E01-A4C5-06A0E81CE85A}.Release|Mixed Platforms.Build.0 = Release|Any CPU
		{C2ACD6FA-5325-4E01-A4C5-06A0E81CE85A}.Release|x86.ActiveCfg = Release|Any CPU
		{2B3754DC-5507-4046-A135-BCED1C161ACF}.Debug|Any CPU.ActiveCfg = Debug|Any CPU
		{2B3754DC-5507-4046-A135-BCED1C161ACF}.Debug|Any CPU.Build.0 = Debug|Any CPU
		{2B3754DC-5507-4046-A135-BCED1C161ACF}.Debug|Mixed Platforms.ActiveCfg = Debug|Any CPU
		{2B3754DC-5507-4046-A135-BCED1C161ACF}.Debug|Mixed Platforms.Build.0 = Debug|Any CPU
		{2B3754DC-5507-4046-A135-BCED1C161ACF}.Debug|x86.ActiveCfg = Debug|Any CPU
		{2B3754DC-5507-4046-A135-BCED1C161ACF}.Release|Any CPU.ActiveCfg = Release|Any CPU
		{2B3754DC-5507-4046-A135-BCED1C161ACF}.Release|Any CPU.Build.0 = Release|Any CPU
		{2B3754DC-5507-4046-A135-BCED1C161ACF}.Release|Mixed Platforms.ActiveCfg = Release|Any CPU
		{2B3754DC-5507-4046-A135-BCED1C161ACF}.Release|Mixed Platforms.Build.0 = Release|Any CPU
		{2B3754DC-5507-4046-A135-BCED1C161ACF}.Release|x86.ActiveCfg = Release|Any CPU
		{2D823E9B-401E-4A8E-A7ED-8658A711BE06}.Debug|Any CPU.ActiveCfg = Debug|Any CPU
		{2D823E9B-401E-4A8E-A7ED-8658A711BE06}.Debug|Any CPU.Build.0 = Debug|Any CPU
		{2D823E9B-401E-4A8E-A7ED-8658A711BE06}.Debug|Mixed Platforms.ActiveCfg = Debug|Any CPU
		{2D823E9B-401E-4A8E-A7ED-8658A711BE06}.Debug|Mixed Platforms.Build.0 = Debug|Any CPU
		{2D823E9B-401E-4A8E-A7ED-8658A711BE06}.Debug|x86.ActiveCfg = Debug|Any CPU
		{2D823E9B-401E-4A8E-A7ED-8658A711BE06}.Release|Any CPU.ActiveCfg = Release|Any CPU
		{2D823E9B-401E-4A8E-A7ED-8658A711BE06}.Release|Any CPU.Build.0 = Release|Any CPU
		{2D823E9B-401E-4A8E-A7ED-8658A711BE06}.Release|Mixed Platforms.ActiveCfg = Release|Any CPU
		{2D823E9B-401E-4A8E-A7ED-8658A711BE06}.Release|Mixed Platforms.Build.0 = Release|Any CPU
		{2D823E9B-401E-4A8E-A7ED-8658A711BE06}.Release|x86.ActiveCfg = Release|Any CPU
		{8E63794B-0D88-4EBA-B74A-942DCF32DFA5}.Debug|Any CPU.ActiveCfg = Debug|Any CPU
		{8E63794B-0D88-4EBA-B74A-942DCF32DFA5}.Debug|Any CPU.Build.0 = Debug|Any CPU
		{8E63794B-0D88-4EBA-B74A-942DCF32DFA5}.Debug|Mixed Platforms.ActiveCfg = Debug|Any CPU
		{8E63794B-0D88-4EBA-B74A-942DCF32DFA5}.Debug|Mixed Platforms.Build.0 = Debug|Any CPU
		{8E63794B-0D88-4EBA-B74A-942DCF32DFA5}.Debug|x86.ActiveCfg = Debug|Any CPU
		{8E63794B-0D88-4EBA-B74A-942DCF32DFA5}.Release|Any CPU.ActiveCfg = Release|Any CPU
		{8E63794B-0D88-4EBA-B74A-942DCF32DFA5}.Release|Any CPU.Build.0 = Release|Any CPU
		{8E63794B-0D88-4EBA-B74A-942DCF32DFA5}.Release|Mixed Platforms.ActiveCfg = Release|Any CPU
		{8E63794B-0D88-4EBA-B74A-942DCF32DFA5}.Release|Mixed Platforms.Build.0 = Release|Any CPU
		{8E63794B-0D88-4EBA-B74A-942DCF32DFA5}.Release|x86.ActiveCfg = Release|Any CPU
		{DE61160E-44DB-40CD-82C9-BA812DCE4812}.Debug|Any CPU.ActiveCfg = Debug|Any CPU
		{DE61160E-44DB-40CD-82C9-BA812DCE4812}.Debug|Any CPU.Build.0 = Debug|Any CPU
		{DE61160E-44DB-40CD-82C9-BA812DCE4812}.Debug|Mixed Platforms.ActiveCfg = Debug|Any CPU
		{DE61160E-44DB-40CD-82C9-BA812DCE4812}.Debug|Mixed Platforms.Build.0 = Debug|Any CPU
		{DE61160E-44DB-40CD-82C9-BA812DCE4812}.Debug|x86.ActiveCfg = Debug|Any CPU
		{DE61160E-44DB-40CD-82C9-BA812DCE4812}.Release|Any CPU.ActiveCfg = Release|Any CPU
		{DE61160E-44DB-40CD-82C9-BA812DCE4812}.Release|Any CPU.Build.0 = Release|Any CPU
		{DE61160E-44DB-40CD-82C9-BA812DCE4812}.Release|Mixed Platforms.ActiveCfg = Release|Any CPU
		{DE61160E-44DB-40CD-82C9-BA812DCE4812}.Release|Mixed Platforms.Build.0 = Release|Any CPU
		{DE61160E-44DB-40CD-82C9-BA812DCE4812}.Release|x86.ActiveCfg = Release|Any CPU
		{6729E69A-BB79-46DC-A576-F6C4DFE43360}.Debug|Any CPU.ActiveCfg = Debug|Any CPU
		{6729E69A-BB79-46DC-A576-F6C4DFE43360}.Debug|Any CPU.Build.0 = Debug|Any CPU
		{6729E69A-BB79-46DC-A576-F6C4DFE43360}.Debug|Mixed Platforms.ActiveCfg = Debug|Any CPU
		{6729E69A-BB79-46DC-A576-F6C4DFE43360}.Debug|Mixed Platforms.Build.0 = Debug|Any CPU
		{6729E69A-BB79-46DC-A576-F6C4DFE43360}.Debug|x86.ActiveCfg = Debug|Any CPU
		{6729E69A-BB79-46DC-A576-F6C4DFE43360}.Release|Any CPU.ActiveCfg = Release|Any CPU
		{6729E69A-BB79-46DC-A576-F6C4DFE43360}.Release|Any CPU.Build.0 = Release|Any CPU
		{6729E69A-BB79-46DC-A576-F6C4DFE43360}.Release|Mixed Platforms.ActiveCfg = Release|Any CPU
		{6729E69A-BB79-46DC-A576-F6C4DFE43360}.Release|Mixed Platforms.Build.0 = Release|Any CPU
		{6729E69A-BB79-46DC-A576-F6C4DFE43360}.Release|x86.ActiveCfg = Release|Any CPU
		{C2D141F6-6213-4E2C-B5E8-6523AC5ABA6F}.Debug|Any CPU.ActiveCfg = Debug|Any CPU
		{C2D141F6-6213-4E2C-B5E8-6523AC5ABA6F}.Debug|Any CPU.Build.0 = Debug|Any CPU
		{C2D141F6-6213-4E2C-B5E8-6523AC5ABA6F}.Debug|Mixed Platforms.ActiveCfg = Debug|Any CPU
		{C2D141F6-6213-4E2C-B5E8-6523AC5ABA6F}.Debug|Mixed Platforms.Build.0 = Debug|Any CPU
		{C2D141F6-6213-4E2C-B5E8-6523AC5ABA6F}.Debug|x86.ActiveCfg = Debug|Any CPU
		{C2D141F6-6213-4E2C-B5E8-6523AC5ABA6F}.Release|Any CPU.ActiveCfg = Release|Any CPU
		{C2D141F6-6213-4E2C-B5E8-6523AC5ABA6F}.Release|Any CPU.Build.0 = Release|Any CPU
		{C2D141F6-6213-4E2C-B5E8-6523AC5ABA6F}.Release|Mixed Platforms.ActiveCfg = Release|Any CPU
		{C2D141F6-6213-4E2C-B5E8-6523AC5ABA6F}.Release|Mixed Platforms.Build.0 = Release|Any CPU
		{C2D141F6-6213-4E2C-B5E8-6523AC5ABA6F}.Release|x86.ActiveCfg = Release|Any CPU
		{08917986-6340-4D26-BB53-B1B69FD3C810}.Debug|Any CPU.ActiveCfg = Debug|Any CPU
		{08917986-6340-4D26-BB53-B1B69FD3C810}.Debug|Any CPU.Build.0 = Debug|Any CPU
		{08917986-6340-4D26-BB53-B1B69FD3C810}.Debug|Mixed Platforms.ActiveCfg = Debug|Any CPU
		{08917986-6340-4D26-BB53-B1B69FD3C810}.Debug|Mixed Platforms.Build.0 = Debug|Any CPU
		{08917986-6340-4D26-BB53-B1B69FD3C810}.Debug|x86.ActiveCfg = Debug|Any CPU
		{08917986-6340-4D26-BB53-B1B69FD3C810}.Debug|x86.Build.0 = Debug|Any CPU
		{08917986-6340-4D26-BB53-B1B69FD3C810}.Release|Any CPU.ActiveCfg = Release|Any CPU
		{08917986-6340-4D26-BB53-B1B69FD3C810}.Release|Any CPU.Build.0 = Release|Any CPU
		{08917986-6340-4D26-BB53-B1B69FD3C810}.Release|Mixed Platforms.ActiveCfg = Release|Any CPU
		{08917986-6340-4D26-BB53-B1B69FD3C810}.Release|Mixed Platforms.Build.0 = Release|Any CPU
		{08917986-6340-4D26-BB53-B1B69FD3C810}.Release|x86.ActiveCfg = Release|Any CPU
		{08917986-6340-4D26-BB53-B1B69FD3C810}.Release|x86.Build.0 = Release|Any CPU
	EndGlobalSection
	GlobalSection(SolutionProperties) = preSolution
		HideSolutionNode = FALSE
	EndGlobalSection
	GlobalSection(NestedProjects) = preSolution
		{5909BFE7-93CF-4E5F-BE22-6293368AF01D} = {C704BCA4-0E47-4C0E-BC6A-EAAC11E43C0F}
		{EFCAD55B-46C4-4B90-8989-F09DE43A87AB} = {F5355549-CCF2-4DBD-88D0-53E3E2CE6B2E}
		{911F430A-7ACE-43F7-9654-CE34D2BE0664} = {F5355549-CCF2-4DBD-88D0-53E3E2CE6B2E}
		{6729E69A-BB79-46DC-A576-F6C4DFE43360} = {F5355549-CCF2-4DBD-88D0-53E3E2CE6B2E}
		{C2D141F6-6213-4E2C-B5E8-6523AC5ABA6F} = {F5355549-CCF2-4DBD-88D0-53E3E2CE6B2E}
	EndGlobalSection
EndGlobal
