
Microsoft Visual Studio Solution File, Format Version 12.00
# Visual Studio 2012
Project("{FAE04EC0-301F-11D3-BF4B-00C04F79EFBC}") = "Nephrite.Web", "Nephrite.Web\Nephrite.Web.csproj", "{26A68254-0902-4499-8B5F-6B4B6341BA21}"
EndProject
Project("{FAE04EC0-301F-11D3-BF4B-00C04F79EFBC}") = "Nephrite.Metamodel", "Nephrite.Metamodel\Nephrite.Metamodel.csproj", "{9F863D08-FD1F-4065-9F7D-F9DDBC469E81}"
EndProject
Project("{FAE04EC0-301F-11D3-BF4B-00C04F79EFBC}") = "Nephrite.MSOffice", "Nephrite.MSOffice\Nephrite.MSOffice.csproj", "{E2D47815-7733-487F-BF95-8E288691F57B}"
EndProject
Project("{FAE04EC0-301F-11D3-BF4B-00C04F79EFBC}") = "Tessera.Test", "Tessera.Test\Tessera.Test.csproj", "{DF9C511F-DA3D-43F6-9A15-89E35C8D7E76}"
EndProject
Project("{FAE04EC0-301F-11D3-BF4B-00C04F79EFBC}") = "Test", "TestSchema\Test.csproj", "{D4B55011-2645-4136-AD84-F7291F64891F}"
EndProject
Project("{FAE04EC0-301F-11D3-BF4B-00C04F79EFBC}") = "Nephrite.Meta.Database.DB2", "Nephrite.Meta.Database.DB2\Nephrite.Meta.Database.DB2.csproj", "{B54DBA5F-CDE1-4E9A-B4FC-AC9E14B667FA}"
EndProject
Project("{FAE04EC0-301F-11D3-BF4B-00C04F79EFBC}") = "Nephrite.ImportData", "Nephrite.ImportData\Nephrite.ImportData.csproj", "{EBF4131B-F23F-40C4-ABF5-75BD6E60FC11}"
EndProject
Global
	GlobalSection(SolutionConfigurationPlatforms) = preSolution
		Debug|Any CPU = Debug|Any CPU
		Debug|Mixed Platforms = Debug|Mixed Platforms
		Debug|x86 = Debug|x86
		Release|Any CPU = Release|Any CPU
		Release|Mixed Platforms = Release|Mixed Platforms
		Release|x86 = Release|x86
	EndGlobalSection
	GlobalSection(ProjectConfigurationPlatforms) = postSolution
		{26A68254-0902-4499-8B5F-6B4B6341BA21}.Debug|Any CPU.ActiveCfg = Debug|Any CPU
		{26A68254-0902-4499-8B5F-6B4B6341BA21}.Debug|Any CPU.Build.0 = Debug|Any CPU
		{26A68254-0902-4499-8B5F-6B4B6341BA21}.Debug|Mixed Platforms.ActiveCfg = Debug|Any CPU
		{26A68254-0902-4499-8B5F-6B4B6341BA21}.Debug|Mixed Platforms.Build.0 = Debug|Any CPU
		{26A68254-0902-4499-8B5F-6B4B6341BA21}.Debug|x86.ActiveCfg = Debug|Any CPU
		{26A68254-0902-4499-8B5F-6B4B6341BA21}.Release|Any CPU.ActiveCfg = Release|Any CPU
		{26A68254-0902-4499-8B5F-6B4B6341BA21}.Release|Any CPU.Build.0 = Release|Any CPU
		{26A68254-0902-4499-8B5F-6B4B6341BA21}.Release|Mixed Platforms.ActiveCfg = Release|Any CPU
		{26A68254-0902-4499-8B5F-6B4B6341BA21}.Release|Mixed Platforms.Build.0 = Release|Any CPU
		{26A68254-0902-4499-8B5F-6B4B6341BA21}.Release|x86.ActiveCfg = Release|Any CPU
		{9F863D08-FD1F-4065-9F7D-F9DDBC469E81}.Debug|Any CPU.ActiveCfg = Debug|Any CPU
		{9F863D08-FD1F-4065-9F7D-F9DDBC469E81}.Debug|Any CPU.Build.0 = Debug|Any CPU
		{9F863D08-FD1F-4065-9F7D-F9DDBC469E81}.Debug|Mixed Platforms.ActiveCfg = Debug|Any CPU
		{9F863D08-FD1F-4065-9F7D-F9DDBC469E81}.Debug|Mixed Platforms.Build.0 = Debug|Any CPU
		{9F863D08-FD1F-4065-9F7D-F9DDBC469E81}.Debug|x86.ActiveCfg = Debug|Any CPU
		{9F863D08-FD1F-4065-9F7D-F9DDBC469E81}.Release|Any CPU.ActiveCfg = Release|Any CPU
		{9F863D08-FD1F-4065-9F7D-F9DDBC469E81}.Release|Any CPU.Build.0 = Release|Any CPU
		{9F863D08-FD1F-4065-9F7D-F9DDBC469E81}.Release|Mixed Platforms.ActiveCfg = Release|Any CPU
		{9F863D08-FD1F-4065-9F7D-F9DDBC469E81}.Release|Mixed Platforms.Build.0 = Release|Any CPU
		{9F863D08-FD1F-4065-9F7D-F9DDBC469E81}.Release|x86.ActiveCfg = Release|Any CPU
		{E2D47815-7733-487F-BF95-8E288691F57B}.Debug|Any CPU.ActiveCfg = Debug|Any CPU
		{E2D47815-7733-487F-BF95-8E288691F57B}.Debug|Any CPU.Build.0 = Debug|Any CPU
		{E2D47815-7733-487F-BF95-8E288691F57B}.Debug|Mixed Platforms.ActiveCfg = Debug|Any CPU
		{E2D47815-7733-487F-BF95-8E288691F57B}.Debug|Mixed Platforms.Build.0 = Debug|Any CPU
		{E2D47815-7733-487F-BF95-8E288691F57B}.Debug|x86.ActiveCfg = Debug|Any CPU
		{E2D47815-7733-487F-BF95-8E288691F57B}.Release|Any CPU.ActiveCfg = Release|Any CPU
		{E2D47815-7733-487F-BF95-8E288691F57B}.Release|Any CPU.Build.0 = Release|Any CPU
		{E2D47815-7733-487F-BF95-8E288691F57B}.Release|Mixed Platforms.ActiveCfg = Release|Any CPU
		{E2D47815-7733-487F-BF95-8E288691F57B}.Release|Mixed Platforms.Build.0 = Release|Any CPU
		{E2D47815-7733-487F-BF95-8E288691F57B}.Release|x86.ActiveCfg = Release|Any CPU
		{DF9C511F-DA3D-43F6-9A15-89E35C8D7E76}.Debug|Any CPU.ActiveCfg = Debug|Any CPU
		{DF9C511F-DA3D-43F6-9A15-89E35C8D7E76}.Debug|Any CPU.Build.0 = Debug|Any CPU
		{DF9C511F-DA3D-43F6-9A15-89E35C8D7E76}.Debug|Mixed Platforms.ActiveCfg = Debug|Any CPU
		{DF9C511F-DA3D-43F6-9A15-89E35C8D7E76}.Debug|Mixed Platforms.Build.0 = Debug|Any CPU
		{DF9C511F-DA3D-43F6-9A15-89E35C8D7E76}.Debug|x86.ActiveCfg = Debug|Any CPU
		{DF9C511F-DA3D-43F6-9A15-89E35C8D7E76}.Release|Any CPU.ActiveCfg = Release|Any CPU
		{DF9C511F-DA3D-43F6-9A15-89E35C8D7E76}.Release|Any CPU.Build.0 = Release|Any CPU
		{DF9C511F-DA3D-43F6-9A15-89E35C8D7E76}.Release|Mixed Platforms.ActiveCfg = Release|Any CPU
		{DF9C511F-DA3D-43F6-9A15-89E35C8D7E76}.Release|Mixed Platforms.Build.0 = Release|Any CPU
		{DF9C511F-DA3D-43F6-9A15-89E35C8D7E76}.Release|x86.ActiveCfg = Release|Any CPU
		{D4B55011-2645-4136-AD84-F7291F64891F}.Debug|Any CPU.ActiveCfg = Debug|Any CPU
		{D4B55011-2645-4136-AD84-F7291F64891F}.Debug|Any CPU.Build.0 = Debug|Any CPU
		{D4B55011-2645-4136-AD84-F7291F64891F}.Debug|Mixed Platforms.ActiveCfg = Debug|Any CPU
		{D4B55011-2645-4136-AD84-F7291F64891F}.Debug|Mixed Platforms.Build.0 = Debug|Any CPU
		{D4B55011-2645-4136-AD84-F7291F64891F}.Debug|x86.ActiveCfg = Debug|Any CPU
		{D4B55011-2645-4136-AD84-F7291F64891F}.Release|Any CPU.ActiveCfg = Release|Any CPU
		{D4B55011-2645-4136-AD84-F7291F64891F}.Release|Any CPU.Build.0 = Release|Any CPU
		{D4B55011-2645-4136-AD84-F7291F64891F}.Release|Mixed Platforms.ActiveCfg = Release|Any CPU
		{D4B55011-2645-4136-AD84-F7291F64891F}.Release|Mixed Platforms.Build.0 = Release|Any CPU
		{D4B55011-2645-4136-AD84-F7291F64891F}.Release|x86.ActiveCfg = Release|Any CPU
		{B54DBA5F-CDE1-4E9A-B4FC-AC9E14B667FA}.Debug|Any CPU.ActiveCfg = Debug|Any CPU
		{B54DBA5F-CDE1-4E9A-B4FC-AC9E14B667FA}.Debug|Any CPU.Build.0 = Debug|Any CPU
		{B54DBA5F-CDE1-4E9A-B4FC-AC9E14B667FA}.Debug|Mixed Platforms.ActiveCfg = Debug|Any CPU
		{B54DBA5F-CDE1-4E9A-B4FC-AC9E14B667FA}.Debug|Mixed Platforms.Build.0 = Debug|Any CPU
		{B54DBA5F-CDE1-4E9A-B4FC-AC9E14B667FA}.Debug|x86.ActiveCfg = Debug|Any CPU
		{B54DBA5F-CDE1-4E9A-B4FC-AC9E14B667FA}.Release|Any CPU.ActiveCfg = Release|Any CPU
		{B54DBA5F-CDE1-4E9A-B4FC-AC9E14B667FA}.Release|Any CPU.Build.0 = Release|Any CPU
		{B54DBA5F-CDE1-4E9A-B4FC-AC9E14B667FA}.Release|Mixed Platforms.ActiveCfg = Release|Any CPU
		{B54DBA5F-CDE1-4E9A-B4FC-AC9E14B667FA}.Release|Mixed Platforms.Build.0 = Release|Any CPU
		{B54DBA5F-CDE1-4E9A-B4FC-AC9E14B667FA}.Release|x86.ActiveCfg = Release|Any CPU
		{EBF4131B-F23F-40C4-ABF5-75BD6E60FC11}.Debug|Any CPU.ActiveCfg = Debug|Any CPU
		{EBF4131B-F23F-40C4-ABF5-75BD6E60FC11}.Debug|Any CPU.Build.0 = Debug|Any CPU
		{EBF4131B-F23F-40C4-ABF5-75BD6E60FC11}.Debug|Mixed Platforms.ActiveCfg = Debug|Any CPU
		{EBF4131B-F23F-40C4-ABF5-75BD6E60FC11}.Debug|Mixed Platforms.Build.0 = Debug|Any CPU
		{EBF4131B-F23F-40C4-ABF5-75BD6E60FC11}.Debug|x86.ActiveCfg = Debug|Any CPU
		{EBF4131B-F23F-40C4-ABF5-75BD6E60FC11}.Release|Any CPU.ActiveCfg = Release|Any CPU
		{EBF4131B-F23F-40C4-ABF5-75BD6E60FC11}.Release|Any CPU.Build.0 = Release|Any CPU
		{EBF4131B-F23F-40C4-ABF5-75BD6E60FC11}.Release|Mixed Platforms.ActiveCfg = Release|Any CPU
		{EBF4131B-F23F-40C4-ABF5-75BD6E60FC11}.Release|Mixed Platforms.Build.0 = Release|Any CPU
		{EBF4131B-F23F-40C4-ABF5-75BD6E60FC11}.Release|x86.ActiveCfg = Release|Any CPU
	EndGlobalSection
	GlobalSection(SolutionProperties) = preSolution
		HideSolutionNode = FALSE
	EndGlobalSection
EndGlobal
